{
  "requires": true,
  "lockfileVersion": 1,
  "dependencies": {
    "hsw-test0": {
      "version": "1.0.0",
      "resolved": "https://registry.npmjs.org/hsw-test0/-/hsw-test0-1.0.0.tgz",
      "integrity": "sha512-+22RD1AXEAzZDlh1oZcrOMFoQ297vGEcqafzYKVLZV9g+R8QSLd0zQ4oByWgY358o1XB2g8Y3X9Drc7IYuq7AQ==",
      "requires": {
        "marked": "0.4.0"
      }
    },
    "marked": {
      "version": "0.4.0",
      "resolved": "https://registry.npmjs.org/marked/-/marked-0.4.0.tgz",
      "integrity": "sha512-tMsdNBgOsrUophCAFQl0XPe6Zqk/uy9gnue+jIIKhykO51hxyu6uNx7zBPy0+y/WKYVZZMspV9YeXLNdKk+iYw=="
    }
  }
}
